
Microsoft Visual Studio Solution File, Format Version 12.00
# Visual Studio Version 16
VisualStudioVersion = 16.0.30804.86
MinimumVisualStudioVersion = 10.0.40219.1
Project("{FAE04EC0-301F-11D3-BF4B-00C04F79EFBC}") = "Directory", "Directory\Directory.csproj", "{A7743BA7-50DD-49E4-B970-907D9B21BC77}"
EndProject
Global
	GlobalSection(SolutionConfigurationPlatforms) = preSolution
		Debug|Any CPU = Debug|Any CPU
		Release|Any CPU = Release|Any CPU
	EndGlobalSection
	GlobalSection(ProjectConfigurationPlatforms) = postSolution
		{A7743BA7-50DD-49E4-B970-907D9B21BC77}.Debug|Any CPU.ActiveCfg = Debug|Any CPU
		{A7743BA7-50DD-49E4-B970-907D9B21BC77}.Debug|Any CPU.Build.0 = Debug|Any CPU
		{A7743BA7-50DD-49E4-B970-907D9B21BC77}.Release|Any CPU.ActiveCfg = Release|Any CPU
		{A7743BA7-50DD-49E4-B970-907D9B21BC77}.Release|Any CPU.Build.0 = Release|Any CPU
	EndGlobalSection
	GlobalSection(SolutionProperties) = preSolution
		HideSolutionNode = FALSE
	EndGlobalSection
	GlobalSection(ExtensibilityGlobals) = postSolution
		SolutionGuid = {F5EC94CB-84AB-49C3-86D4-4E2871D99C8A}
	EndGlobalSection
EndGlobal
